schema: '2.0'
stages:
  01_clean:
    cmd: python -m src.stages.01_clean
    deps:
    - path: data/raw/Dataset_SCO_KVM_MONS_GRC_IZD_DMA_MTK_20250805.csv
      hash: md5
      md5: e07d0dd497440a1589970c0b1ffd532f
      size: 10321279
    - path: data/raw/Etagi_secondary_classified_dataset_20250805.csv
      hash: md5
      md5: 89fbe1215809c3d0c3d510132273044e
      size: 111092939
    - path: data/raw/Etagi_secondary_dataset_20250805.csv
      hash: md5
      md5: 09695d1cb9e94f3c562a485e0bf532a9
      size: 26001664
    - path: data/raw/msk_united_geo_market_deals.parquet
      hash: md5
      md5: 2e0c03633c794dbf0c2749209454c0a5
      size: 336223981
    - path: src/clean
      hash: md5
      md5: 53fa5059ec2191a5dccf3c8a942e1786.dir
      size: 8434
      nfiles: 7
    - path: src/stages/01_clean.py
      hash: md5
      md5: 5ac92fdfd22a3e45fd57d27fa2ef862e
      size: 1881
    params:
      params.yaml:
        01_clean:
          area:
            min: 17.5
            max: 1100
          floor:
            min: -4
            max: 85
          price:
            min: 1100000
            max: 7300000000
          build_year:
            min: 1685
            max:
    outs:
    - path: data/interim/01_cleaned.parquet
      hash: md5
      md5: 59f9db1cbc90ae887ea7beb16d38962b
      size: 33034300
  02_geocode:
    cmd: python -m src.stages.02_geocode
    deps:
    - path: data/interim/01_cleaned.parquet
      hash: md5
      md5: 59f9db1cbc90ae887ea7beb16d38962b
      size: 33034300
    - path: src/geocode
      hash: md5
      md5: 0f0b5b11ba300c1444a1a5b5cb7b88ec.dir
      size: 5983
      nfiles: 3
    - path: src/stages/02_geocode.py
      hash: md5
      md5: f6d0d05380478c4661a914bc90ac8f92
      size: 822
    params:
      params.yaml:
        02_geocode:
          geo:
            longitude:
              min: 36.9
              max: 38.05
            latitude:
              min: 55.15
              max: 56.05
    outs:
    - path: data/cache/geocodes_checkpoint.parquet
      hash: md5
      md5: 8220fb88e84327ce0852e845bd3413f8
      size: 3453101
    - path: data/interim/02_geocoded.parquet
      hash: md5
      md5: a9ecc71901d9edd75547c6d81ffa6f57
      size: 31144832
  03_price_discount:
    cmd: python -m src.stages.03_price_discount
    deps:
    - path: data/interim/02_geocoded.parquet
      hash: md5
      md5: a9ecc71901d9edd75547c6d81ffa6f57
      size: 31144832
    - path: src/price_discount
      hash: md5
      md5: 3adc23d7e9a7402cbf3469c13c2b991b.dir
      size: 1082
      nfiles: 1
    - path: src/stages/03_price_discount.py
      hash: md5
      md5: 1933d2ce01545ab3f97fed28e0544994
      size: 304
    outs:
    - path: data/interim/03_price_discounted.parquet
      hash: md5
      md5: 922fbbde4d74fb56253c957d170c00a3
      size: 52066944
  04_mean_knn:
    cmd: python -m src.stages.04_mean_knn
    deps:
    - path: data/interim/03_price_discounted.parquet
      hash: md5
      md5: 922fbbde4d74fb56253c957d170c00a3
      size: 52066944
    - path: src/mean_knn
      hash: md5
      md5: 3f99acd93a64a8184946d2b8c6781866.dir
      size: 1734
      nfiles: 1
    - path: src/stages/04_mean_knn.py
      hash: md5
      md5: 5b6191ef281c5000bb94afebdd00ebff
      size: 801
    outs:
    - path: data/interim/04_mean_knn.parquet
      hash: md5
      md5: d41d8cd98f00b204e9800998ecf8427e
      size: 0
  publish_processed:
    cmd: python -m src.stages.05_publish_processed.py
    deps:
    - path: data/interim/04_mean_knn.parquet
      hash: md5
      md5: d41d8cd98f00b204e9800998ecf8427e
      size: 0
    - path: src/stages/05_publish_processed.py
      hash: md5
      md5: bfda8239ba0e58731998db2ce8b60062
      size: 189
    outs:
    - path: data/processed/final.csv
      hash: md5
      md5: d41d8cd98f00b204e9800998ecf8427e
      size: 0
    - path: data/processed/final.parquet
      hash: md5
      md5: d41d8cd98f00b204e9800998ecf8427e
      size: 0
