schema: '2.0'
stages:
  01_clean:
    cmd: python -m src.stages.01_clean
    deps:
    - path: data/raw/Dataset_SCO_KVM_MONS_GRC_IZD_DMA_MTK_20250805.csv
      hash: md5
      md5: e07d0dd497440a1589970c0b1ffd532f
      size: 10321279
    - path: data/raw/Etagi_secondary_classified_dataset_20250805.csv
      hash: md5
      md5: 89fbe1215809c3d0c3d510132273044e
      size: 111092939
    - path: data/raw/Etagi_secondary_dataset_20250805.csv
      hash: md5
      md5: 09695d1cb9e94f3c562a485e0bf532a9
      size: 26001664
    - path: data/raw/msk_houses_deals_ds.csv
      hash: md5
      md5: 52d212d0a59bfcc506e9e861c7936c36
      size: 402792115
    - path: data/raw/msk_united_geo_market_deals.parquet
      hash: md5
      md5: 2e0c03633c794dbf0c2749209454c0a5
      size: 336223981
    - path: src/clean
      hash: md5
      md5: 43b611a98eb7a619e8772ad942955987.dir
      size: 11010
      nfiles: 7
    - path: src/stages/01_clean.py
      hash: md5
      md5: 23490555173e5dfc88880c7bcbaeba7b
      size: 3306
    params:
      params.yaml:
        01_clean:
          area:
            min: 17.5
            max: 1100
          floor:
            min: -4
            max: 85
          price:
            min: 1100000
            max: 7300000000
          build_year:
            min: 1685
            max:
          address:
            min_len: 12
          common_moscow_point:
            longitude: 37.617644
            latitude: 55.755819
    outs:
    - path: data/interim/01_cleaned.parquet
      hash: md5
      md5: 16fb4af47913b5dce1443033eaea1370
      size: 24357888
  02_geocode:
    cmd: python -m src.stages.02_geocode
    deps:
    - path: data/interim/01_cleaned.parquet
      hash: md5
      md5: 16fb4af47913b5dce1443033eaea1370
      size: 24357888
    - path: src/geocode
      hash: md5
      md5: 4c8201ee9ed38be0b2f62acf76486756.dir
      size: 5964
      nfiles: 3
    - path: src/stages/02_geocode.py
      hash: md5
      md5: 1c676ea22616f9e0dadf6afcf50d110c
      size: 1267
    params:
      params.yaml:
        02_geocode:
          geo:
            longitude:
              min: 36.9
              max: 38.05
            latitude:
              min: 55.15
              max: 56.0
    outs:
    - path: data/cache/geocodes_checkpoint.parquet
      hash: md5
      md5: 8220fb88e84327ce0852e845bd3413f8
      size: 3453101
    - path: data/interim/02_geocoded.parquet
      hash: md5
      md5: be196ea0a082755b2f6c8e4dc8f76427
      size: 20136848
  03_price_discount:
    cmd: python -m src.stages.03_price_discount
    deps:
    - path: data/interim/02_geocoded.parquet
      hash: md5
      md5: 458ba59583cf8a17e622313b617c81ac
      size: 1805697
    - path: src/price_discount
      hash: md5
      md5: f6d3f802d53e608617695046f943125b.dir
      size: 1399
      nfiles: 1
    - path: src/stages/03_price_discount.py
      hash: md5
      md5: eea43f4a8291dd31b4c90ffee0423f27
      size: 367
    outs:
    - path: data/interim/03_price_discounted.parquet
      hash: md5
      md5: 387f2098030d52ef7ebb8b352c881fbb
      size: 1935583
  04_mean_knn:
    cmd: python -m src.stages.04_mean_knn
    deps:
    - path: data/interim/03_price_discounted.parquet
      hash: md5
      md5: 922fbbde4d74fb56253c957d170c00a3
      size: 52066944
    - path: src/mean_knn
      hash: md5
      md5: 3f99acd93a64a8184946d2b8c6781866.dir
      size: 1734
      nfiles: 1
    - path: src/stages/04_mean_knn.py
      hash: md5
      md5: 5b6191ef281c5000bb94afebdd00ebff
      size: 801
    outs:
    - path: data/interim/04_mean_knn.parquet
      hash: md5
      md5: e731efb0499a202128e776bc4eae87a7
      size: 50561213
  publish_processed:
    cmd: python -m src.stages.05_publish_processed
    deps:
    - path: data/interim/04_mean_knn.parquet
      hash: md5
      md5: e731efb0499a202128e776bc4eae87a7
      size: 50561213
    - path: src/stages/05_publish_processed.py
      hash: md5
      md5: bfda8239ba0e58731998db2ce8b60062
      size: 189
    outs:
    - path: data/processed/final.csv
      hash: md5
      md5: 445ba2a1459b47e42db7aaa4d07775c5
      size: 370466401
    - path: data/processed/final.parquet
      hash: md5
      md5: e731efb0499a202128e776bc4eae87a7
      size: 50561213
  05_publish_processed:
    cmd: python -m src.stages.06_publish_processed
    deps:
    - path: data/interim/05_administrative_district.parquet
      hash: md5
      md5: 8fdc6a34a6f9adbbb55bf6b8c35ba5b4
      size: 50911382
    - path: src/stages/06_publish_processed.py
      hash: md5
      md5: 32657b7ff0ca36ed485554791979e78a
      size: 254
    outs:
    - path: data/processed/final.csv
      hash: md5
      md5: 445ba2a1459b47e42db7aaa4d07775c5
      size: 370466401
    - path: data/processed/final.parquet
      hash: md5
      md5: e731efb0499a202128e776bc4eae87a7
      size: 50561213
  05_report:
    cmd: python -m src.stages.06_report
    deps:
    - path: data/interim/05_administrative_district.parquet
      hash: md5
      md5: 8fdc6a34a6f9adbbb55bf6b8c35ba5b4
      size: 50911382
    - path: src/report
      hash: md5
      md5: c42821b23434f2f1b000fe119884b0e0.dir
      size: 2733
      nfiles: 1
    - path: src/stages/06_report.py
      hash: md5
      md5: 34b3fe3b69ce36b36ece92e21a2aa108
      size: 812
    params:
      params.yaml:
        02_geocode:
          geo:
            longitude:
              min: 36.9
              max: 38.05
            latitude:
              min: 55.15
              max: 56.05
  05_administrative_district:
    cmd: python -m src.stages.05_administrative_district
    deps:
    - path: data/complimentary/ao.cpg
      hash: md5
      md5: ae3b3df9970b49b6523e608759bc957d
      size: 5
    - path: data/complimentary/ao.dbf
      hash: md5
      md5: 501442daab273f8b50b39bafa6ef4d7c
      size: 1676
    - path: data/complimentary/ao.prj
      hash: md5
      md5: e729936bf5360b37a15365fc295a1901
      size: 143
    - path: data/complimentary/ao.qml
      hash: md5
      md5: b7295d726799835d27b9c5f77088ea46
      size: 9186
    - path: data/complimentary/ao.qpj
      hash: md5
      md5: f34dee5ac9bad1bc567ccb2246dc228e
      size: 257
    - path: data/complimentary/ao.shp
      hash: md5
      md5: 20021c2492998205e05164178f094920
      size: 351436
    - path: data/complimentary/ao.shx
      hash: md5
      md5: 473e7d3573872631e74de71b0d6abb77
      size: 204
    - path: data/interim/04_wnir.parquet
      hash: md5
      md5: dd14db82b4d179b7487a8f7ba2324792
      size: 2336177
    - path: src/administrative_district
      hash: md5
      md5: 21ad6b08922e796904ee26a6c73d7d2e.dir
      size: 677
      nfiles: 1
    - path: src/stages/05_administrative_district.py
      hash: md5
      md5: ffa00172720d5500e0dfdc435057ad82
      size: 364
    outs:
    - path: data/interim/05_administrative_district.parquet
      hash: md5
      md5: 51abd30f3d56e7b20f796b327284165d
      size: 2362080
  06_publish_processed:
    cmd: python -m src.stages.06_publish_processed
    deps:
    - path: data/interim/05_administrative_district.parquet
      hash: md5
      md5: 51abd30f3d56e7b20f796b327284165d
      size: 2362080
    - path: src/stages/06_publish_processed.py
      hash: md5
      md5: 9d33f0a1f985970001768a2b11a29bd5
      size: 269
    outs:
    - path: data/processed/final.csv
      hash: md5
      md5: fc157491ba1617f0a6412271a1507f66
      size: 12858225
    - path: data/processed/final.parquet
      hash: md5
      md5: 51abd30f3d56e7b20f796b327284165d
      size: 2362080
  06_report:
    cmd: python -m src.stages.06_report
    deps:
    - path: data/interim/05_administrative_district.parquet
      hash: md5
      md5: d41d8cd98f00b204e9800998ecf8427e
      size: 0
    - path: src/report
      hash: md5
      md5: ea97b9d1941e4b06d27d11f8e96c7ecf.dir
      size: 6076
      nfiles: 1
    - path: src/stages/06_report.py
      hash: md5
      md5: 28563b02589eccd1a6f8b7f9634a40db
      size: 1398
    params:
      params.yaml:
        02_geocode:
          geo:
            longitude:
              min: 36.9
              max: 38.05
            latitude:
              min: 55.15
              max: 56.05
  04_wnir:
    cmd: python -m src.stages.04_wnir
    deps:
    - path: data/interim/03_price_discounted.parquet
      hash: md5
      md5: 387f2098030d52ef7ebb8b352c881fbb
      size: 1935583
    - path: src/stages/04_wnir.py
      hash: md5
      md5: e969e81e703f3f344df4de70494f9462
      size: 3968
    - path: src/wnir
      hash: md5
      md5: 280150ba944b9bd554d6569edf616efc.dir
      size: 10024
      nfiles: 1
    params:
      params.yaml:
        04_wnir:
          h: 100
          R:
            min: 100
            min-med: 500
            med: 1000
            max-med: 5000
            max: 10000
          batch_size: 20000
    outs:
    - path: data/interim/04_wnir.parquet
      hash: md5
      md5: dd14db82b4d179b7487a8f7ba2324792
      size: 2336177
  01_validate:
    cmd: python -m src.stages.01_validate data/interim/01_cleaned.parquet
    deps:
    - path: data/interim/01_cleaned.parquet
      hash: md5
      md5: 16fb4af47913b5dce1443033eaea1370
      size: 24357888
    - path: src/stages/01_validate.py
      hash: md5
      md5: f2c87c6eec7e7a65246ce39f06e13678
      size: 1411
  02_validate:
    cmd: python -m src.stages.02_validate data/interim/02_geocoded.parquet
    deps:
    - path: data/interim/02_geocoded.parquet
      hash: md5
      md5: be196ea0a082755b2f6c8e4dc8f76427
      size: 20136848
    - path: src/stages/02_validate.py
      hash: md5
      md5: a57b260919b2091ce70d9457782841fe
      size: 1359
  03_administrative_district:
    cmd: python -m src.stages.03_administrative_district
    deps:
    - path: data/complimentary/ao.cpg
      hash: md5
      md5: ae3b3df9970b49b6523e608759bc957d
      size: 5
    - path: data/complimentary/ao.dbf
      hash: md5
      md5: 501442daab273f8b50b39bafa6ef4d7c
      size: 1676
    - path: data/complimentary/ao.prj
      hash: md5
      md5: e729936bf5360b37a15365fc295a1901
      size: 143
    - path: data/complimentary/ao.qml
      hash: md5
      md5: b7295d726799835d27b9c5f77088ea46
      size: 9186
    - path: data/complimentary/ao.qpj
      hash: md5
      md5: f34dee5ac9bad1bc567ccb2246dc228e
      size: 257
    - path: data/complimentary/ao.shp
      hash: md5
      md5: 20021c2492998205e05164178f094920
      size: 351436
    - path: data/complimentary/ao.shx
      hash: md5
      md5: 473e7d3573872631e74de71b0d6abb77
      size: 204
    - path: data/interim/02_geocoded.parquet
      hash: md5
      md5: be196ea0a082755b2f6c8e4dc8f76427
      size: 20136848
    - path: src/administrative_district
      hash: md5
      md5: 21ad6b08922e796904ee26a6c73d7d2e.dir
      size: 677
      nfiles: 1
    - path: src/stages/03_administrative_district.py
      hash: md5
      md5: f9c4b39763a1f19fcbcca590d6aec626
      size: 609
    outs:
    - path: data/interim/03_administrative_district.parquet
      hash: md5
      md5: 422e186ef496e591a4f3001d67f190c9
      size: 20350682
  03_validate:
    cmd: python -m src.stages.03_validate 
      data/interim/03_administrative_district.parquet
    deps:
    - path: data/interim/03_administrative_district.parquet
      hash: md5
      md5: 422e186ef496e591a4f3001d67f190c9
      size: 20350682
    - path: src/stages/03_validate.py
      hash: md5
      md5: 0b8e2a919f2fb71ccc9912f507b2cfdd
      size: 1413
  04_split:
    cmd: python -m src.stages.04_split
    deps:
    - path: data/interim/03_administrative_district.parquet
      hash: md5
      md5: 422e186ef496e591a4f3001d67f190c9
      size: 20350682
    - path: src/stages/04_split.py
      hash: md5
      md5: 56bf285b046f4e05dcb85aedba5c4c4b
      size: 550
    outs:
    - path: data/interim/04_test.parquet
      hash: md5
      md5: 5c88aec16632c5edad9841b020aa0d47
      size: 2314298
    - path: data/interim/04_train.parquet
      hash: md5
      md5: fc07e8b8f42dc274aa1fd7b5ded6a614
      size: 16720589
    - path: data/interim/04_valid.parquet
      hash: md5
      md5: 3a6902eea25628a8ece76ee45f71c37a
      size: 2735570
  05_scaling_onehot:
    cmd: python -m src.stages.05_scaling_onehot
    deps:
    - path: data/interim/04_test.parquet
      hash: md5
      md5: 91fc9367ce53e550ca1bbb0509c85bfe
      size: 2824982
    - path: data/interim/04_train.parquet
      hash: md5
      md5: 7e14bbb70ae2561e3c5151f9d136451f
      size: 18727093
    - path: data/interim/04_valid.parquet
      hash: md5
      md5: 4c5e5897d5a9a2ff20ecd0c8a7939a79
      size: 3237326
    - path: src/stages/05_scaling_onehot.py
      hash: md5
      md5: 0034a4e847d0f5e0e904bd062be7e137
      size: 1467
    outs:
    - path: data/interim/05_test.parquet
      hash: md5
      md5: 3252a8e40d3335701d7b784787b7e881
      size: 3016250
    - path: data/interim/05_train.parquet
      hash: md5
      md5: 173bedc38d6b12e6c44d5f07718e21aa
      size: 22870406
    - path: data/interim/05_valid.parquet
      hash: md5
      md5: 4cbd98465ee6dbc5c1d7a3bc9c26acbd
      size: 3768780
  05_kmeans_prep:
    cmd: python -m src.stages.05_kmeans_prep
    deps:
    - path: data/interim/04_test.parquet
      hash: md5
      md5: 5c88aec16632c5edad9841b020aa0d47
      size: 2314298
    - path: data/interim/04_train.parquet
      hash: md5
      md5: fc07e8b8f42dc274aa1fd7b5ded6a614
      size: 16720589
    - path: data/interim/04_valid.parquet
      hash: md5
      md5: 3a6902eea25628a8ece76ee45f71c37a
      size: 2735570
    - path: src/stages/05_kmeans_prep.py
      hash: md5
      md5: 2e76fa263cb5f5fa6a91f37f1a26df76
      size: 2788
    outs:
    - path: data/interim/05_test.parquet
      hash: md5
      md5: 65e55fc0a00da2b4257b024b010dc4d6
      size: 15162476
    - path: data/interim/05_train.parquet
      hash: md5
      md5: 0bfc15b308f114f5b01e345c6c25f35c
      size: 112622578
    - path: data/interim/05_valid.parquet
      hash: md5
      md5: d50d5a07eb6ab2e19dbc911d2f52416c
      size: 17203614
  06_ksearch:
    cmd: python -m src.stages.06_ksearch
    deps:
    - path: data/interim/05_train.parquet
      hash: md5
      md5: 0bfc15b308f114f5b01e345c6c25f35c
      size: 112622578
    - path: src/stages/06_ksearch.py
      hash: md5
      md5: 99dd67fcaf81611028455f52c00ff1c1
      size: 3778
    params:
      params.yaml:
        06_ksearch:
          min_k: 2
          max_k: 20
    outs:
    - path: report/06_ksearch_metrics.json
      hash: md5
      md5: 01b8acc938ef56d77570b3e5fc8b4187
      size: 51
    - path: report/06_ksearch_plot.png
      hash: md5
      md5: a841a3f64ee3668c0cbcd0c4c26e782b
      size: 483470
  price_discount:
    cmd: python -m src.stages.price_discount
    deps:
    - path: data/interim/split_test.parquet
      hash: md5
      md5: 5c88aec16632c5edad9841b020aa0d47
      size: 2314298
    - path: data/interim/split_train.parquet
      hash: md5
      md5: fc07e8b8f42dc274aa1fd7b5ded6a614
      size: 16720589
    - path: data/interim/split_valid.parquet
      hash: md5
      md5: 3a6902eea25628a8ece76ee45f71c37a
      size: 2735570
    - path: src/stages/price_discount.py
      hash: md5
      md5: 1ea571c91fab0348ee55024dab823847
      size: 3575
    outs:
    - path: data/interim/price_discount_test.parquet
      hash: md5
      md5: 1d5ae280879ceb8652906ce6e3a508d5
      size: 2319877
    - path: data/interim/price_discount_train.parquet
      hash: md5
      md5: 294add20561f4ab79715125088ab3de8
      size: 18326447
    - path: data/interim/price_discount_valid.parquet
      hash: md5
      md5: 25406a0e816336c4343a2f507f5d3f45
      size: 2740530
  clean:
    cmd: python -m src.stages.clean
    deps:
    - path: data/raw/Dataset_SCO_KVM_MONS_GRC_IZD_DMA_MTK_20250805.csv
      hash: md5
      md5: e07d0dd497440a1589970c0b1ffd532f
      size: 10321279
    - path: data/raw/Etagi_secondary_classified_dataset_20250805.csv
      hash: md5
      md5: 89fbe1215809c3d0c3d510132273044e
      size: 111092939
    - path: data/raw/Etagi_secondary_dataset_20250805.csv
      hash: md5
      md5: 09695d1cb9e94f3c562a485e0bf532a9
      size: 26001664
    - path: data/raw/msk_houses_deals_ds.csv
      hash: md5
      md5: 52d212d0a59bfcc506e9e861c7936c36
      size: 402792115
    - path: data/raw/msk_united_geo_market_deals.parquet
      hash: md5
      md5: 2e0c03633c794dbf0c2749209454c0a5
      size: 336223981
    - path: src/clean
      hash: md5
      md5: 43b611a98eb7a619e8772ad942955987.dir
      size: 11010
      nfiles: 7
    - path: src/stages/clean.py
      hash: md5
      md5: 528f3d0aaed91cdae792a983bc6576aa
      size: 3284
    params:
      params.yaml:
        clean:
          area:
            min: 17.5
            max: 1100
          floor:
            min: -4
            max: 85
          price:
            min: 1100000
            max: 7300000000
          build_year:
            min: 1685
            max:
          address:
            min_len: 12
          common_moscow_point:
            longitude: 37.617644
            latitude: 55.755819
    outs:
    - path: data/interim/clean.parquet
      hash: md5
      md5: 16fb4af47913b5dce1443033eaea1370
      size: 24357888
  geocode:
    cmd: python -m src.stages.geocode
    deps:
    - path: data/interim/clean.parquet
      hash: md5
      md5: 16fb4af47913b5dce1443033eaea1370
      size: 24357888
    - path: src/geocode
      hash: md5
      md5: 4c8201ee9ed38be0b2f62acf76486756.dir
      size: 5964
      nfiles: 3
    - path: src/stages/geocode.py
      hash: md5
      md5: 7ec7e577ea3696aaa91844f207ed1ad3
      size: 1255
    params:
      params.yaml:
        geocode:
          geo:
            longitude:
              min: 36.9
              max: 38.05
            latitude:
              min: 55.15
              max: 56.0
    outs:
    - path: data/cache/geocodes_checkpoint.parquet
      hash: md5
      md5: 8220fb88e84327ce0852e845bd3413f8
      size: 3453101
    - path: data/interim/geocode.parquet
      hash: md5
      md5: be196ea0a082755b2f6c8e4dc8f76427
      size: 20136848
  administrative_district:
    cmd: python -m src.stages.administrative_district
    deps:
    - path: data/complimentary/ao.cpg
      hash: md5
      md5: ae3b3df9970b49b6523e608759bc957d
      size: 5
    - path: data/complimentary/ao.dbf
      hash: md5
      md5: 501442daab273f8b50b39bafa6ef4d7c
      size: 1676
    - path: data/complimentary/ao.prj
      hash: md5
      md5: e729936bf5360b37a15365fc295a1901
      size: 143
    - path: data/complimentary/ao.qml
      hash: md5
      md5: b7295d726799835d27b9c5f77088ea46
      size: 9186
    - path: data/complimentary/ao.qpj
      hash: md5
      md5: f34dee5ac9bad1bc567ccb2246dc228e
      size: 257
    - path: data/complimentary/ao.shp
      hash: md5
      md5: 20021c2492998205e05164178f094920
      size: 351436
    - path: data/complimentary/ao.shx
      hash: md5
      md5: 473e7d3573872631e74de71b0d6abb77
      size: 204
    - path: data/interim/geocode.parquet
      hash: md5
      md5: be196ea0a082755b2f6c8e4dc8f76427
      size: 20136848
    - path: src/administrative_district
      hash: md5
      md5: 21ad6b08922e796904ee26a6c73d7d2e.dir
      size: 677
      nfiles: 1
    - path: src/stages/administrative_district.py
      hash: md5
      md5: 1fe3bb2f314883db9b2266c1da7d3e47
      size: 602
    outs:
    - path: data/interim/administrative_district.parquet
      hash: md5
      md5: 422e186ef496e591a4f3001d67f190c9
      size: 20350682
  split:
    cmd: python -m src.stages.split
    deps:
    - path: data/interim/administrative_district.parquet
      hash: md5
      md5: 422e186ef496e591a4f3001d67f190c9
      size: 20350682
    - path: src/stages/split.py
      hash: md5
      md5: 786f86bc3a7c291fe3749fd9306ae75d
      size: 584
    outs:
    - path: data/interim/split_test.parquet
      hash: md5
      md5: 5c88aec16632c5edad9841b020aa0d47
      size: 2314298
    - path: data/interim/split_train.parquet
      hash: md5
      md5: fc07e8b8f42dc274aa1fd7b5ded6a614
      size: 16720589
    - path: data/interim/split_valid.parquet
      hash: md5
      md5: 3a6902eea25628a8ece76ee45f71c37a
      size: 2735570
  scale_ohe:
    cmd: python -m src.stages.scale_ohe
    deps:
    - path: data/interim/price_discount_test.parquet
      hash: md5
      md5: f2e9ccc262dc308872a31db29ee479dd
      size: 2319668
    - path: data/interim/price_discount_train.parquet
      hash: md5
      md5: 7c96c517e4cb2ba3582f47327f025bca
      size: 18323750
    - path: data/interim/price_discount_valid.parquet
      hash: md5
      md5: f1efaebab66fbccdebc7ed2588a064b8
      size: 2740449
    - path: src/stages/scale_ohe.py
      hash: md5
      md5: bce6aaef72bd8e0ab45763e9764ea0ba
      size: 1719
    outs:
    - path: data/interim/scale_ohe_test.parquet
      hash: md5
      md5: 8afb220ac90d5c50a2af2d16e795265b
      size: 2903852
    - path: data/interim/scale_ohe_train.parquet
      hash: md5
      md5: 8465124346c8b6b5239a3a9f7d738493
      size: 25574912
    - path: data/interim/scale_ohe_valid.parquet
      hash: md5
      md5: 48fb73d910159373d37cefdf8424621c
      size: 3680479
  ksearch:
    cmd: python -m src.stages.ksearch
    deps:
    - path: data/interim/price_discount_train.parquet
      hash: md5
      md5: 294add20561f4ab79715125088ab3de8
      size: 18326447
    - path: src/stages/ksearch.py
      hash: md5
      md5: 3822cb7b076adae09d5468f37277f370
      size: 3117
    params:
      params.yaml:
        ksearch:
          min_k: 2
          max_k: 20
    outs:
    - path: report/ksearch_metrics.json
      hash: md5
      md5: 432062d18c4c414cee80c3d9883ec18f
      size: 52
    - path: report/ksearch_plot.png
      hash: md5
      md5: 5d4209d7fbcbcf063072a7895b6ec91f
      size: 104077
  wnir:
    cmd: python -m src.stages.wnir
    deps:
    - path: data/interim/price_discount_test.parquet
      hash: md5
      md5: 1d5ae280879ceb8652906ce6e3a508d5
      size: 2319877
    - path: data/interim/price_discount_train.parquet
      hash: md5
      md5: 294add20561f4ab79715125088ab3de8
      size: 18326447
    - path: data/interim/price_discount_valid.parquet
      hash: md5
      md5: 25406a0e816336c4343a2f507f5d3f45
      size: 2740530
    - path: src/stages/wnir.py
      hash: md5
      md5: 549f86a257e43e1485038d4b5bd08fac
      size: 3082
    params:
      params.yaml:
        wnir:
          h: 100
          R:
            min: 100
            min-med: 500
            med: 1000
            max-med: 5000
            max: 10000
          batch_size: 20000
    outs:
    - path: data/interim/wnir_test.parquet
      hash: md5
      md5: 6771d08bed832ef6ca9218ad75e26107
      size: 41340
    - path: data/interim/wnir_train.parquet
      hash: md5
      md5: f2e0b24dd2bde9066b69921262720a47
      size: 159126
    - path: data/interim/wnir_valid.parquet
      hash: md5
      md5: fd2d6c6fe1768a7b17ba44d52cd18b40
      size: 51138
