schema: '2.0'
stages:
  01_clean:
    cmd: python -m src.stages.01_clean
    deps:
    - path: data/raw/Dataset_SCO_KVM_MONS_GRC_IZD_DMA_MTK_20250805.csv
      hash: md5
      md5: e07d0dd497440a1589970c0b1ffd532f
      size: 10321279
    - path: data/raw/Etagi_secondary_classified_dataset_20250805.csv
      hash: md5
      md5: 89fbe1215809c3d0c3d510132273044e
      size: 111092939
    - path: data/raw/Etagi_secondary_dataset_20250805.csv
      hash: md5
      md5: 09695d1cb9e94f3c562a485e0bf532a9
      size: 26001664
    - path: data/raw/msk_houses_deals_ds.csv
      hash: md5
      md5: 52d212d0a59bfcc506e9e861c7936c36
      size: 402792115
    - path: data/raw/msk_united_geo_market_deals.parquet
      hash: md5
      md5: 2e0c03633c794dbf0c2749209454c0a5
      size: 336223981
    - path: src/clean
      hash: md5
      md5: 8dbf532a3fcf4093430159cca927ba00.dir
      size: 10838
      nfiles: 7
    - path: src/stages/01_clean.py
      hash: md5
      md5: 20e76f7274b00dca80d44b7a86c2bb63
      size: 2764
    params:
      params.yaml:
        01_clean:
          area:
            min: 17.5
            max: 1100
          floor:
            min: -4
            max: 85
          price:
            min: 1100000
            max: 7300000000
          build_year:
            min: 1685
            max:
          address:
            min_len: 12
          common_moscow_point:
            longitude: 37.617644
            latitude: 55.755819
    outs:
    - path: data/interim/01_cleaned.parquet
      hash: md5
      md5: 44a039f0089e6b3391bf34402a61e3f8
      size: 30739800
  02_geocode:
    cmd: python -m src.stages.02_geocode
    deps:
    - path: data/interim/01_cleaned.parquet
      hash: md5
      md5: 44a039f0089e6b3391bf34402a61e3f8
      size: 30739800
    - path: src/geocode
      hash: md5
      md5: 4c8201ee9ed38be0b2f62acf76486756.dir
      size: 5964
      nfiles: 3
    - path: src/stages/02_geocode.py
      hash: md5
      md5: 4f579f7a9becb4ad67029ff51f04babe
      size: 1196
    params:
      params.yaml:
        02_geocode:
          geo:
            longitude:
              min: 36.9
              max: 38.05
            latitude:
              min: 55.15
              max: 56.05
    outs:
    - path: data/cache/geocodes_checkpoint.parquet
      hash: md5
      md5: 8220fb88e84327ce0852e845bd3413f8
      size: 3453101
    - path: data/interim/02_geocoded.parquet
      hash: md5
      md5: a674516a12552b624f2389a6fee60953
      size: 29290365
  03_price_discount:
    cmd: python -m src.stages.03_price_discount
    deps:
    - path: data/interim/02_geocoded.parquet
      hash: md5
      md5: a674516a12552b624f2389a6fee60953
      size: 29290365
    - path: src/price_discount
      hash: md5
      md5: f6d3f802d53e608617695046f943125b.dir
      size: 1399
      nfiles: 1
    - path: src/stages/03_price_discount.py
      hash: md5
      md5: 1933d2ce01545ab3f97fed28e0544994
      size: 304
    outs:
    - path: data/interim/03_price_discounted.parquet
      hash: md5
      md5: 7cf4405a23faf5d8c788c8d06a20c5ab
      size: 46394952
  04_mean_knn:
    cmd: python -m src.stages.04_mean_knn
    deps:
    - path: data/interim/03_price_discounted.parquet
      hash: md5
      md5: 922fbbde4d74fb56253c957d170c00a3
      size: 52066944
    - path: src/mean_knn
      hash: md5
      md5: 3f99acd93a64a8184946d2b8c6781866.dir
      size: 1734
      nfiles: 1
    - path: src/stages/04_mean_knn.py
      hash: md5
      md5: 5b6191ef281c5000bb94afebdd00ebff
      size: 801
    outs:
    - path: data/interim/04_mean_knn.parquet
      hash: md5
      md5: e731efb0499a202128e776bc4eae87a7
      size: 50561213
  publish_processed:
    cmd: python -m src.stages.05_publish_processed
    deps:
    - path: data/interim/04_mean_knn.parquet
      hash: md5
      md5: e731efb0499a202128e776bc4eae87a7
      size: 50561213
    - path: src/stages/05_publish_processed.py
      hash: md5
      md5: bfda8239ba0e58731998db2ce8b60062
      size: 189
    outs:
    - path: data/processed/final.csv
      hash: md5
      md5: 445ba2a1459b47e42db7aaa4d07775c5
      size: 370466401
    - path: data/processed/final.parquet
      hash: md5
      md5: e731efb0499a202128e776bc4eae87a7
      size: 50561213
  05_publish_processed:
    cmd: python -m src.stages.06_publish_processed
    deps:
    - path: data/interim/05_administrative_district.parquet
      hash: md5
      md5: 8fdc6a34a6f9adbbb55bf6b8c35ba5b4
      size: 50911382
    - path: src/stages/06_publish_processed.py
      hash: md5
      md5: 32657b7ff0ca36ed485554791979e78a
      size: 254
    outs:
    - path: data/processed/final.csv
      hash: md5
      md5: 445ba2a1459b47e42db7aaa4d07775c5
      size: 370466401
    - path: data/processed/final.parquet
      hash: md5
      md5: e731efb0499a202128e776bc4eae87a7
      size: 50561213
  05_report:
    cmd: python -m src.stages.06_report
    deps:
    - path: data/interim/05_administrative_district.parquet
      hash: md5
      md5: 8fdc6a34a6f9adbbb55bf6b8c35ba5b4
      size: 50911382
    - path: src/report
      hash: md5
      md5: c42821b23434f2f1b000fe119884b0e0.dir
      size: 2733
      nfiles: 1
    - path: src/stages/06_report.py
      hash: md5
      md5: 34b3fe3b69ce36b36ece92e21a2aa108
      size: 812
    params:
      params.yaml:
        02_geocode:
          geo:
            longitude:
              min: 36.9
              max: 38.05
            latitude:
              min: 55.15
              max: 56.05
  05_administrative_district:
    cmd: python -m src.stages.05_administrative_district
    deps:
    - path: data/complimentary/ao.cpg
      hash: md5
      md5: ae3b3df9970b49b6523e608759bc957d
      size: 5
    - path: data/complimentary/ao.dbf
      hash: md5
      md5: 501442daab273f8b50b39bafa6ef4d7c
      size: 1676
    - path: data/complimentary/ao.prj
      hash: md5
      md5: e729936bf5360b37a15365fc295a1901
      size: 143
    - path: data/complimentary/ao.qml
      hash: md5
      md5: b7295d726799835d27b9c5f77088ea46
      size: 9186
    - path: data/complimentary/ao.qpj
      hash: md5
      md5: f34dee5ac9bad1bc567ccb2246dc228e
      size: 257
    - path: data/complimentary/ao.shp
      hash: md5
      md5: 20021c2492998205e05164178f094920
      size: 351436
    - path: data/complimentary/ao.shx
      hash: md5
      md5: 473e7d3573872631e74de71b0d6abb77
      size: 204
    - path: data/interim/04_wnir.parquet
      hash: md5
      md5: d41d8cd98f00b204e9800998ecf8427e
      size: 0
    - path: src/administrative_district
      hash: md5
      md5: 21ad6b08922e796904ee26a6c73d7d2e.dir
      size: 677
      nfiles: 1
    - path: src/stages/05_administrative_district.py
      hash: md5
      md5: ffa00172720d5500e0dfdc435057ad82
      size: 364
    outs:
    - path: data/interim/05_administrative_district.parquet
      hash: md5
      md5: d41d8cd98f00b204e9800998ecf8427e
      size: 0
  06_publish_processed:
    cmd: python -m src.stages.06_publish_processed
    deps:
    - path: data/interim/05_administrative_district.parquet
      hash: md5
      md5: d41d8cd98f00b204e9800998ecf8427e
      size: 0
    - path: src/stages/06_publish_processed.py
      hash: md5
      md5: 9d33f0a1f985970001768a2b11a29bd5
      size: 269
    outs:
    - path: data/processed/final.csv
      hash: md5
      md5: d41d8cd98f00b204e9800998ecf8427e
      size: 0
    - path: data/processed/final.parquet
      hash: md5
      md5: d41d8cd98f00b204e9800998ecf8427e
      size: 0
  06_report:
    cmd: python -m src.stages.06_report
    deps:
    - path: data/interim/05_administrative_district.parquet
      hash: md5
      md5: d41d8cd98f00b204e9800998ecf8427e
      size: 0
    - path: src/report
      hash: md5
      md5: ea97b9d1941e4b06d27d11f8e96c7ecf.dir
      size: 6076
      nfiles: 1
    - path: src/stages/06_report.py
      hash: md5
      md5: 28563b02589eccd1a6f8b7f9634a40db
      size: 1398
    params:
      params.yaml:
        02_geocode:
          geo:
            longitude:
              min: 36.9
              max: 38.05
            latitude:
              min: 55.15
              max: 56.05
  04_wnir:
    cmd: python -m src.stages.04_wnir
    deps:
    - path: data/interim/03_price_discounted.parquet
      hash: md5
      md5: 7cf4405a23faf5d8c788c8d06a20c5ab
      size: 46394952
    - path: src/stages/04_wnir.py
      hash: md5
      md5: 62f802b0905080a64d0b931033407368
      size: 1402
    - path: src/wnir
      hash: md5
      md5: f188d57dbb225fee889f069c0b6eb6b6.dir
      size: 4379
      nfiles: 1
    params:
      params.yaml:
        04_wnir:
          h: 100
          R:
            min: 100
            min-med: 500
            med: 1000
            max-med: 5000
            max: 10000
    outs:
    - path: data/interim/04_wnir.parquet
      hash: md5
      md5: d41d8cd98f00b204e9800998ecf8427e
      size: 0
